// !$*UTF8*$!
{
	archiveVersion = 1;
	classes = {
	};
	objectVersion = 46;
	objects = {

/* Begin PBXBuildFile section */
		163A082B1AFB80F900482B7B /* main.m in Sources */ = {isa = PBXBuildFile; fileRef = 163A082A1AFB80F900482B7B /* main.m */; };
		163A082E1AFB80F900482B7B /* AppDelegate.m in Sources */ = {isa = PBXBuildFile; fileRef = 163A082D1AFB80F900482B7B /* AppDelegate.m */; };
		163A08311AFB80F900482B7B /* ViewControllerSignIn.m in Sources */ = {isa = PBXBuildFile; fileRef = 163A08301AFB80F900482B7B /* ViewControllerSignIn.m */; };
		163A08341AFB80F900482B7B /* Main.storyboard in Resources */ = {isa = PBXBuildFile; fileRef = 163A08321AFB80F900482B7B /* Main.storyboard */; };
		163A08361AFB80F900482B7B /* Images.xcassets in Resources */ = {isa = PBXBuildFile; fileRef = 163A08351AFB80F900482B7B /* Images.xcassets */; };
		163A08391AFB80F900482B7B /* LaunchScreen.xib in Resources */ = {isa = PBXBuildFile; fileRef = 163A08371AFB80F900482B7B /* LaunchScreen.xib */; };
		163A08451AFB80F900482B7B /* SuggestsTests.m in Sources */ = {isa = PBXBuildFile; fileRef = 163A08441AFB80F900482B7B /* SuggestsTests.m */; };
		163A08531AFB93B000482B7B /* ViewControllerChoose.m in Sources */ = {isa = PBXBuildFile; fileRef = 163A08521AFB93B000482B7B /* ViewControllerChoose.m */; };
		163A08561AFB9CD300482B7B /* ViewControllerSignUpDetails.m in Sources */ = {isa = PBXBuildFile; fileRef = 163A08551AFB9CD300482B7B /* ViewControllerSignUpDetails.m */; };
		163A085C1AFBB7B100482B7B /* ViewControllerFood.m in Sources */ = {isa = PBXBuildFile; fileRef = 163A085B1AFBB7B100482B7B /* ViewControllerFood.m */; };
		163A085F1AFBC03600482B7B /* TableViewCellFood.m in Sources */ = {isa = PBXBuildFile; fileRef = 163A085E1AFBC03600482B7B /* TableViewCellFood.m */; };
		163A08621AFBC18B00482B7B /* TableViewCellDrink.m in Sources */ = {isa = PBXBuildFile; fileRef = 163A08611AFBC18B00482B7B /* TableViewCellDrink.m */; };
		163A08651AFBC1BE00482B7B /* TableViewCellSnacks.m in Sources */ = {isa = PBXBuildFile; fileRef = 163A08641AFBC1BE00482B7B /* TableViewCellSnacks.m */; };
		163A08681AFBC1F400482B7B /* ViewControllerInformation.m in Sources */ = {isa = PBXBuildFile; fileRef = 163A08671AFBC1F400482B7B /* ViewControllerInformation.m */; };
		163A086F1AFC5C9900482B7B /* Feed Icon Actual Use.png in Resources */ = {isa = PBXBuildFile; fileRef = 163A086D1AFC5C9900482B7B /* Feed Icon Actual Use.png */; };
		163A08701AFC5C9900482B7B /* Logon Heart.png in Resources */ = {isa = PBXBuildFile; fileRef = 163A086E1AFC5C9900482B7B /* Logon Heart.png */; };
		163A08761AFC852D00482B7B /* Data Table.png in Resources */ = {isa = PBXBuildFile; fileRef = 163A08711AFC852C00482B7B /* Data Table.png */; };
		163A08771AFC852D00482B7B /* Feed Icon Actual Use (1).png in Resources */ = {isa = PBXBuildFile; fileRef = 163A08721AFC852C00482B7B /* Feed Icon Actual Use (1).png */; };
		163A08781AFC852D00482B7B /* FeedMe Fit Data (1).png in Resources */ = {isa = PBXBuildFile; fileRef = 163A08731AFC852D00482B7B /* FeedMe Fit Data (1).png */; };
		163A08791AFC852D00482B7B /* Logon Heart (1).png in Resources */ = {isa = PBXBuildFile; fileRef = 163A08741AFC852D00482B7B /* Logon Heart (1).png */; };
		163A087A1AFC852D00482B7B /* settings (2).png in Resources */ = {isa = PBXBuildFile; fileRef = 163A08751AFC852D00482B7B /* settings (2).png */; };
		9C679BBB1AFC16A7007BA7CC /* ViewControllerSettings.m in Sources */ = {isa = PBXBuildFile; fileRef = 9C679BBA1AFC16A7007BA7CC /* ViewControllerSettings.m */; };
		9C679BBE1AFC16E3007BA7CC /* TableViewCellSettings.m in Sources */ = {isa = PBXBuildFile; fileRef = 9C679BBD1AFC16E3007BA7CC /* TableViewCellSettings.m */; };
/* End PBXBuildFile section */

/* Begin PBXContainerItemProxy section */
		163A083F1AFB80F900482B7B /* PBXContainerItemProxy */ = {
			isa = PBXContainerItemProxy;
			containerPortal = 163A081D1AFB80F900482B7B /* Project object */;
			proxyType = 1;
			remoteGlobalIDString = 163A08241AFB80F900482B7B;
			remoteInfo = Suggests;
		};
/* End PBXContainerItemProxy section */

/* Begin PBXFileReference section */
		163A08251AFB80F900482B7B /* Suggests.app */ = {isa = PBXFileReference; explicitFileType = wrapper.application; includeInIndex = 0; path = Suggests.app; sourceTree = BUILT_PRODUCTS_DIR; };
		163A08291AFB80F900482B7B /* Info.plist */ = {isa = PBXFileReference; lastKnownFileType = text.plist.xml; path = Info.plist; sourceTree = "<group>"; };
		163A082A1AFB80F900482B7B /* main.m */ = {isa = PBXFileReference; lastKnownFileType = sourcecode.c.objc; path = main.m; sourceTree = "<group>"; };
		163A082C1AFB80F900482B7B /* AppDelegate.h */ = {isa = PBXFileReference; lastKnownFileType = sourcecode.c.h; path = AppDelegate.h; sourceTree = "<group>"; };
		163A082D1AFB80F900482B7B /* AppDelegate.m */ = {isa = PBXFileReference; lastKnownFileType = sourcecode.c.objc; path = AppDelegate.m; sourceTree = "<group>"; };
		163A082F1AFB80F900482B7B /* ViewControllerSignIn.h */ = {isa = PBXFileReference; lastKnownFileType = sourcecode.c.h; path = ViewControllerSignIn.h; sourceTree = "<group>"; };
		163A08301AFB80F900482B7B /* ViewControllerSignIn.m */ = {isa = PBXFileReference; lastKnownFileType = sourcecode.c.objc; path = ViewControllerSignIn.m; sourceTree = "<group>"; };
		163A08331AFB80F900482B7B /* Base */ = {isa = PBXFileReference; lastKnownFileType = file.storyboard; name = Base; path = Base.lproj/Main.storyboard; sourceTree = "<group>"; };
		163A08351AFB80F900482B7B /* Images.xcassets */ = {isa = PBXFileReference; lastKnownFileType = folder.assetcatalog; path = Images.xcassets; sourceTree = "<group>"; };
		163A08381AFB80F900482B7B /* Base */ = {isa = PBXFileReference; lastKnownFileType = file.xib; name = Base; path = Base.lproj/LaunchScreen.xib; sourceTree = "<group>"; };
		163A083E1AFB80F900482B7B /* SuggestsTests.xctest */ = {isa = PBXFileReference; explicitFileType = wrapper.cfbundle; includeInIndex = 0; path = SuggestsTests.xctest; sourceTree = BUILT_PRODUCTS_DIR; };
		163A08431AFB80F900482B7B /* Info.plist */ = {isa = PBXFileReference; lastKnownFileType = text.plist.xml; path = Info.plist; sourceTree = "<group>"; };
		163A08441AFB80F900482B7B /* SuggestsTests.m */ = {isa = PBXFileReference; lastKnownFileType = sourcecode.c.objc; path = SuggestsTests.m; sourceTree = "<group>"; };
		163A08511AFB93B000482B7B /* ViewControllerChoose.h */ = {isa = PBXFileReference; fileEncoding = 4; lastKnownFileType = sourcecode.c.h; name = ViewControllerChoose.h; path = Suggests/ViewControllerChoose.h; sourceTree = "<group>"; };
		163A08521AFB93B000482B7B /* ViewControllerChoose.m */ = {isa = PBXFileReference; fileEncoding = 4; lastKnownFileType = sourcecode.c.objc; name = ViewControllerChoose.m; path = Suggests/ViewControllerChoose.m; sourceTree = "<group>"; };
		163A08541AFB9CD300482B7B /* ViewControllerSignUpDetails.h */ = {isa = PBXFileReference; fileEncoding = 4; lastKnownFileType = sourcecode.c.h; path = ViewControllerSignUpDetails.h; sourceTree = "<group>"; };
		163A08551AFB9CD300482B7B /* ViewControllerSignUpDetails.m */ = {isa = PBXFileReference; fileEncoding = 4; lastKnownFileType = sourcecode.c.objc; path = ViewControllerSignUpDetails.m; sourceTree = "<group>"; };
		163A085A1AFBB7B100482B7B /* ViewControllerFood.h */ = {isa = PBXFileReference; fileEncoding = 4; lastKnownFileType = sourcecode.c.h; path = ViewControllerFood.h; sourceTree = "<group>"; };
		163A085B1AFBB7B100482B7B /* ViewControllerFood.m */ = {isa = PBXFileReference; fileEncoding = 4; lastKnownFileType = sourcecode.c.objc; path = ViewControllerFood.m; sourceTree = "<group>"; };
		163A085D1AFBC03600482B7B /* TableViewCellFood.h */ = {isa = PBXFileReference; fileEncoding = 4; lastKnownFileType = sourcecode.c.h; path = TableViewCellFood.h; sourceTree = "<group>"; };
		163A085E1AFBC03600482B7B /* TableViewCellFood.m */ = {isa = PBXFileReference; fileEncoding = 4; lastKnownFileType = sourcecode.c.objc; path = TableViewCellFood.m; sourceTree = "<group>"; };
		163A08601AFBC18B00482B7B /* TableViewCellDrink.h */ = {isa = PBXFileReference; fileEncoding = 4; lastKnownFileType = sourcecode.c.h; path = TableViewCellDrink.h; sourceTree = "<group>"; };
		163A08611AFBC18B00482B7B /* TableViewCellDrink.m */ = {isa = PBXFileReference; fileEncoding = 4; lastKnownFileType = sourcecode.c.objc; path = TableViewCellDrink.m; sourceTree = "<group>"; };
		163A08631AFBC1BE00482B7B /* TableViewCellSnacks.h */ = {isa = PBXFileReference; fileEncoding = 4; lastKnownFileType = sourcecode.c.h; path = TableViewCellSnacks.h; sourceTree = "<group>"; };
		163A08641AFBC1BE00482B7B /* TableViewCellSnacks.m */ = {isa = PBXFileReference; fileEncoding = 4; lastKnownFileType = sourcecode.c.objc; path = TableViewCellSnacks.m; sourceTree = "<group>"; };
		163A08661AFBC1F400482B7B /* ViewControllerInformation.h */ = {isa = PBXFileReference; fileEncoding = 4; lastKnownFileType = sourcecode.c.h; path = ViewControllerInformation.h; sourceTree = "<group>"; };
		163A08671AFBC1F400482B7B /* ViewControllerInformation.m */ = {isa = PBXFileReference; fileEncoding = 4; lastKnownFileType = sourcecode.c.objc; path = ViewControllerInformation.m; sourceTree = "<group>"; };
		163A086D1AFC5C9900482B7B /* Feed Icon Actual Use.png */ = {isa = PBXFileReference; lastKnownFileType = image.png; path = "Feed Icon Actual Use.png"; sourceTree = "<group>"; };
		163A086E1AFC5C9900482B7B /* Logon Heart.png */ = {isa = PBXFileReference; lastKnownFileType = image.png; path = "Logon Heart.png"; sourceTree = "<group>"; };
		163A08711AFC852C00482B7B /* Data Table.png */ = {isa = PBXFileReference; lastKnownFileType = image.png; path = "Data Table.png"; sourceTree = "<group>"; };
		163A08721AFC852C00482B7B /* Feed Icon Actual Use (1).png */ = {isa = PBXFileReference; lastKnownFileType = image.png; path = "Feed Icon Actual Use (1).png"; sourceTree = "<group>"; };
		163A08731AFC852D00482B7B /* FeedMe Fit Data (1).png */ = {isa = PBXFileReference; lastKnownFileType = image.png; path = "FeedMe Fit Data (1).png"; sourceTree = "<group>"; };
		163A08741AFC852D00482B7B /* Logon Heart (1).png */ = {isa = PBXFileReference; lastKnownFileType = image.png; path = "Logon Heart (1).png"; sourceTree = "<group>"; };
		163A08751AFC852D00482B7B /* settings (2).png */ = {isa = PBXFileReference; lastKnownFileType = image.png; path = "settings (2).png"; sourceTree = "<group>"; };
		9C679BB91AFC16A7007BA7CC /* ViewControllerSettings.h */ = {isa = PBXFileReference; fileEncoding = 4; lastKnownFileType = sourcecode.c.h; path = ViewControllerSettings.h; sourceTree = "<group>"; };
		9C679BBA1AFC16A7007BA7CC /* ViewControllerSettings.m */ = {isa = PBXFileReference; fileEncoding = 4; lastKnownFileType = sourcecode.c.objc; path = ViewControllerSettings.m; sourceTree = "<group>"; };
		9C679BBC1AFC16E3007BA7CC /* TableViewCellSettings.h */ = {isa = PBXFileReference; fileEncoding = 4; lastKnownFileType = sourcecode.c.h; path = TableViewCellSettings.h; sourceTree = "<group>"; };
		9C679BBD1AFC16E3007BA7CC /* TableViewCellSettings.m */ = {isa = PBXFileReference; fileEncoding = 4; lastKnownFileType = sourcecode.c.objc; path = TableViewCellSettings.m; sourceTree = "<group>"; };
/* End PBXFileReference section */

/* Begin PBXFrameworksBuildPhase section */
		163A08221AFB80F900482B7B /* Frameworks */ = {
			isa = PBXFrameworksBuildPhase;
			buildActionMask = 2147483647;
			files = (
			);
			runOnlyForDeploymentPostprocessing = 0;
		};
		163A083B1AFB80F900482B7B /* Frameworks */ = {
			isa = PBXFrameworksBuildPhase;
			buildActionMask = 2147483647;
			files = (
			);
			runOnlyForDeploymentPostprocessing = 0;
		};
/* End PBXFrameworksBuildPhase section */

/* Begin PBXGroup section */
		163A081C1AFB80F900482B7B = {
			isa = PBXGroup;
			children = (
				163A08321AFB80F900482B7B /* Main.storyboard */,
				163A08571AFB9D6F00482B7B /* Home */,
				163A08591AFB9DF900482B7B /* Tab 1 */,
				9C679BB51AFC1572007BA7CC /* Tab 2 */,
				163A084E1AFB871000482B7B /* Images */,
				163A08271AFB80F900482B7B /* Suggests */,
				163A08411AFB80F900482B7B /* SuggestsTests */,
				163A08261AFB80F900482B7B /* Products */,
			);
			sourceTree = "<group>";
		};
		163A08261AFB80F900482B7B /* Products */ = {
			isa = PBXGroup;
			children = (
				163A08251AFB80F900482B7B /* Suggests.app */,
				163A083E1AFB80F900482B7B /* SuggestsTests.xctest */,
			);
			name = Products;
			sourceTree = "<group>";
		};
		163A08271AFB80F900482B7B /* Suggests */ = {
			isa = PBXGroup;
			children = (
				163A082D1AFB80F900482B7B /* AppDelegate.m */,
				163A082C1AFB80F900482B7B /* AppDelegate.h */,
				163A08351AFB80F900482B7B /* Images.xcassets */,
				163A08371AFB80F900482B7B /* LaunchScreen.xib */,
				163A08281AFB80F900482B7B /* Supporting Files */,
			);
			path = Suggests;
			sourceTree = "<group>";
		};
		163A08281AFB80F900482B7B /* Supporting Files */ = {
			isa = PBXGroup;
			children = (
				163A08291AFB80F900482B7B /* Info.plist */,
				163A082A1AFB80F900482B7B /* main.m */,
			);
			name = "Supporting Files";
			sourceTree = "<group>";
		};
		163A08411AFB80F900482B7B /* SuggestsTests */ = {
			isa = PBXGroup;
			children = (
				163A08441AFB80F900482B7B /* SuggestsTests.m */,
				163A08421AFB80F900482B7B /* Supporting Files */,
			);
			path = SuggestsTests;
			sourceTree = "<group>";
		};
		163A08421AFB80F900482B7B /* Supporting Files */ = {
			isa = PBXGroup;
			children = (
				163A08431AFB80F900482B7B /* Info.plist */,
			);
			name = "Supporting Files";
			sourceTree = "<group>";
		};
		163A084E1AFB871000482B7B /* Images */ = {
			isa = PBXGroup;
			children = (
				163A08711AFC852C00482B7B /* Data Table.png */,
				163A08721AFC852C00482B7B /* Feed Icon Actual Use (1).png */,
				163A08731AFC852D00482B7B /* FeedMe Fit Data (1).png */,
				163A08741AFC852D00482B7B /* Logon Heart (1).png */,
				163A08751AFC852D00482B7B /* settings (2).png */,
				163A086D1AFC5C9900482B7B /* Feed Icon Actual Use.png */,
				163A086E1AFC5C9900482B7B /* Logon Heart.png */,
			);
			name = Images;
			path = Suggests;
			sourceTree = "<group>";
		};
		163A08571AFB9D6F00482B7B /* Home */ = {
			isa = PBXGroup;
			children = (
				163A082F1AFB80F900482B7B /* ViewControllerSignIn.h */,
				163A08301AFB80F900482B7B /* ViewControllerSignIn.m */,
				163A08541AFB9CD300482B7B /* ViewControllerSignUpDetails.h */,
				163A08551AFB9CD300482B7B /* ViewControllerSignUpDetails.m */,
			);
			name = Home;
			path = Suggests;
			sourceTree = "<group>";
		};
		163A08591AFB9DF900482B7B /* Tab 1 */ = {
			isa = PBXGroup;
			children = (
				163A08511AFB93B000482B7B /* ViewControllerChoose.h */,
				163A08521AFB93B000482B7B /* ViewControllerChoose.m */,
				163A085A1AFBB7B100482B7B /* ViewControllerFood.h */,
				163A085B1AFBB7B100482B7B /* ViewControllerFood.m */,
				163A085D1AFBC03600482B7B /* TableViewCellFood.h */,
				163A085E1AFBC03600482B7B /* TableViewCellFood.m */,
				163A08601AFBC18B00482B7B /* TableViewCellDrink.h */,
				163A08611AFBC18B00482B7B /* TableViewCellDrink.m */,
				163A08631AFBC1BE00482B7B /* TableViewCellSnacks.h */,
				163A08641AFBC1BE00482B7B /* TableViewCellSnacks.m */,
				163A08661AFBC1F400482B7B /* ViewControllerInformation.h */,
				163A08671AFBC1F400482B7B /* ViewControllerInformation.m */,
			);
			name = "Tab 1";
			sourceTree = "<group>";
		};
		9C679BB51AFC1572007BA7CC /* Tab 2 */ = {
			isa = PBXGroup;
			children = (
				9C679BB91AFC16A7007BA7CC /* ViewControllerSettings.h */,
				9C679BBA1AFC16A7007BA7CC /* ViewControllerSettings.m */,
				9C679BBC1AFC16E3007BA7CC /* TableViewCellSettings.h */,
				9C679BBD1AFC16E3007BA7CC /* TableViewCellSettings.m */,
			);
			name = "Tab 2";
			sourceTree = "<group>";
		};
/* End PBXGroup section */

/* Begin PBXNativeTarget section */
		163A08241AFB80F900482B7B /* Suggests */ = {
			isa = PBXNativeTarget;
			buildConfigurationList = 163A08481AFB80F900482B7B /* Build configuration list for PBXNativeTarget "Suggests" */;
			buildPhases = (
				163A08211AFB80F900482B7B /* Sources */,
				163A08221AFB80F900482B7B /* Frameworks */,
				163A08231AFB80F900482B7B /* Resources */,
			);
			buildRules = (
			);
			dependencies = (
			);
			name = Suggests;
			productName = Suggests;
			productReference = 163A08251AFB80F900482B7B /* Suggests.app */;
			productType = "com.apple.product-type.application";
		};
		163A083D1AFB80F900482B7B /* SuggestsTests */ = {
			isa = PBXNativeTarget;
			buildConfigurationList = 163A084B1AFB80F900482B7B /* Build configuration list for PBXNativeTarget "SuggestsTests" */;
			buildPhases = (
				163A083A1AFB80F900482B7B /* Sources */,
				163A083B1AFB80F900482B7B /* Frameworks */,
				163A083C1AFB80F900482B7B /* Resources */,
			);
			buildRules = (
			);
			dependencies = (
				163A08401AFB80F900482B7B /* PBXTargetDependency */,
			);
			name = SuggestsTests;
			productName = SuggestsTests;
			productReference = 163A083E1AFB80F900482B7B /* SuggestsTests.xctest */;
			productType = "com.apple.product-type.bundle.unit-test";
		};
/* End PBXNativeTarget section */

/* Begin PBXProject section */
		163A081D1AFB80F900482B7B /* Project object */ = {
			isa = PBXProject;
			attributes = {
				LastUpgradeCheck = 0620;
				ORGANIZATIONNAME = Tesco;
				TargetAttributes = {
					163A08241AFB80F900482B7B = {
						CreatedOnToolsVersion = 6.2;
					};
					163A083D1AFB80F900482B7B = {
						CreatedOnToolsVersion = 6.2;
						TestTargetID = 163A08241AFB80F900482B7B;
					};
				};
			};
			buildConfigurationList = 163A08201AFB80F900482B7B /* Build configuration list for PBXProject "Suggests" */;
			compatibilityVersion = "Xcode 3.2";
			developmentRegion = English;
			hasScannedForEncodings = 0;
			knownRegions = (
				en,
				Base,
			);
			mainGroup = 163A081C1AFB80F900482B7B;
			productRefGroup = 163A08261AFB80F900482B7B /* Products */;
			projectDirPath = "";
			projectRoot = "";
			targets = (
				163A08241AFB80F900482B7B /* Suggests */,
				163A083D1AFB80F900482B7B /* SuggestsTests */,
			);
		};
/* End PBXProject section */

/* Begin PBXResourcesBuildPhase section */
		163A08231AFB80F900482B7B /* Resources */ = {
			isa = PBXResourcesBuildPhase;
			buildActionMask = 2147483647;
			files = (
				163A08341AFB80F900482B7B /* Main.storyboard in Resources */,
				163A08791AFC852D00482B7B /* Logon Heart (1).png in Resources */,
				163A08391AFB80F900482B7B /* LaunchScreen.xib in Resources */,
				163A08361AFB80F900482B7B /* Images.xcassets in Resources */,
				163A08761AFC852D00482B7B /* Data Table.png in Resources */,
				163A087A1AFC852D00482B7B /* settings (2).png in Resources */,
				163A08771AFC852D00482B7B /* Feed Icon Actual Use (1).png in Resources */,
				163A086F1AFC5C9900482B7B /* Feed Icon Actual Use.png in Resources */,
				163A08781AFC852D00482B7B /* FeedMe Fit Data (1).png in Resources */,
				163A08701AFC5C9900482B7B /* Logon Heart.png in Resources */,
			);
			runOnlyForDeploymentPostprocessing = 0;
		};
		163A083C1AFB80F900482B7B /* Resources */ = {
			isa = PBXResourcesBuildPhase;
			buildActionMask = 2147483647;
			files = (
			);
			runOnlyForDeploymentPostprocessing = 0;
		};
/* End PBXResourcesBuildPhase section */

/* Begin PBXSourcesBuildPhase section */
		163A08211AFB80F900482B7B /* Sources */ = {
			isa = PBXSourcesBuildPhase;
			buildActionMask = 2147483647;
			files = (
				163A085F1AFBC03600482B7B /* TableViewCellFood.m in Sources */,
				163A08311AFB80F900482B7B /* ViewControllerSignIn.m in Sources */,
				163A08621AFBC18B00482B7B /* TableViewCellDrink.m in Sources */,
				163A08561AFB9CD300482B7B /* ViewControllerSignUpDetails.m in Sources */,
				9C679BBB1AFC16A7007BA7CC /* ViewControllerSettings.m in Sources */,
				163A085C1AFBB7B100482B7B /* ViewControllerFood.m in Sources */,
				163A08651AFBC1BE00482B7B /* TableViewCellSnacks.m in Sources */,
				163A08531AFB93B000482B7B /* ViewControllerChoose.m in Sources */,
				163A08681AFBC1F400482B7B /* ViewControllerInformation.m in Sources */,
				163A082E1AFB80F900482B7B /* AppDelegate.m in Sources */,
				9C679BBE1AFC16E3007BA7CC /* TableViewCellSettings.m in Sources */,
				163A082B1AFB80F900482B7B /* main.m in Sources */,
			);
			runOnlyForDeploymentPostprocessing = 0;
		};
		163A083A1AFB80F900482B7B /* Sources */ = {
			isa = PBXSourcesBuildPhase;
			buildActionMask = 2147483647;
			files = (
				163A08451AFB80F900482B7B /* SuggestsTests.m in Sources */,
			);
			runOnlyForDeploymentPostprocessing = 0;
		};
/* End PBXSourcesBuildPhase section */

/* Begin PBXTargetDependency section */
		163A08401AFB80F900482B7B /* PBXTargetDependency */ = {
			isa = PBXTargetDependency;
			target = 163A08241AFB80F900482B7B /* Suggests */;
			targetProxy = 163A083F1AFB80F900482B7B /* PBXContainerItemProxy */;
		};
/* End PBXTargetDependency section */

/* Begin PBXVariantGroup section */
		163A08321AFB80F900482B7B /* Main.storyboard */ = {
			isa = PBXVariantGroup;
			children = (
				163A08331AFB80F900482B7B /* Base */,
			);
			name = Main.storyboard;
			path = Suggests;
			sourceTree = "<group>";
		};
		163A08371AFB80F900482B7B /* LaunchScreen.xib */ = {
			isa = PBXVariantGroup;
			children = (
				163A08381AFB80F900482B7B /* Base */,
			);
			name = LaunchScreen.xib;
			sourceTree = "<group>";
		};
/* End PBXVariantGroup section */

/* Begin XCBuildConfiguration section */
		163A08461AFB80F900482B7B /* Debug */ = {
			isa = XCBuildConfiguration;
			buildSettings = {
				ALWAYS_SEARCH_USER_PATHS = NO;
				CLANG_CXX_LANGUAGE_STANDARD = "gnu++0x";
				CLANG_CXX_LIBRARY = "libc++";
				CLANG_ENABLE_MODULES = YES;
				CLANG_ENABLE_OBJC_ARC = YES;
				CLANG_WARN_BOOL_CONVERSION = YES;
				CLANG_WARN_CONSTANT_CONVERSION = YES;
				CLANG_WARN_DIRECT_OBJC_ISA_USAGE = YES_ERROR;
				CLANG_WARN_EMPTY_BODY = YES;
				CLANG_WARN_ENUM_CONVERSION = YES;
				CLANG_WARN_INT_CONVERSION = YES;
				CLANG_WARN_OBJC_ROOT_CLASS = YES_ERROR;
				CLANG_WARN_UNREACHABLE_CODE = YES;
				CLANG_WARN__DUPLICATE_METHOD_MATCH = YES;
				"CODE_SIGN_IDENTITY[sdk=iphoneos*]" = "iPhone Developer";
				COPY_PHASE_STRIP = NO;
				ENABLE_STRICT_OBJC_MSGSEND = YES;
				GCC_C_LANGUAGE_STANDARD = gnu99;
				GCC_DYNAMIC_NO_PIC = NO;
				GCC_OPTIMIZATION_LEVEL = 0;
				GCC_PREPROCESSOR_DEFINITIONS = (
					"DEBUG=1",
					"$(inherited)",
				);
				GCC_SYMBOLS_PRIVATE_EXTERN = NO;
				GCC_WARN_64_TO_32_BIT_CONVERSION = YES;
				GCC_WARN_ABOUT_RETURN_TYPE = YES_ERROR;
				GCC_WARN_UNDECLARED_SELECTOR = YES;
				GCC_WARN_UNINITIALIZED_AUTOS = YES_AGGRESSIVE;
				GCC_WARN_UNUSED_FUNCTION = YES;
				GCC_WARN_UNUSED_VARIABLE = YES;
				IPHONEOS_DEPLOYMENT_TARGET = 8.2;
				MTL_ENABLE_DEBUG_INFO = YES;
				ONLY_ACTIVE_ARCH = YES;
				SDKROOT = iphoneos;
			};
			name = Debug;
		};
		163A08471AFB80F900482B7B /* Release */ = {
			isa = XCBuildConfiguration;
			buildSettings = {
				ALWAYS_SEARCH_USER_PATHS = NO;
				CLANG_CXX_LANGUAGE_STANDARD = "gnu++0x";
				CLANG_CXX_LIBRARY = "libc++";
				CLANG_ENABLE_MODULES = YES;
				CLANG_ENABLE_OBJC_ARC = YES;
				CLANG_WARN_BOOL_CONVERSION = YES;
				CLANG_WARN_CONSTANT_CONVERSION = YES;
				CLANG_WARN_DIRECT_OBJC_ISA_USAGE = YES_ERROR;
				CLANG_WARN_EMPTY_BODY = YES;
				CLANG_WARN_ENUM_CONVERSION = YES;
				CLANG_WARN_INT_CONVERSION = YES;
				CLANG_WARN_OBJC_ROOT_CLASS = YES_ERROR;
				CLANG_WARN_UNREACHABLE_CODE = YES;
				CLANG_WARN__DUPLICATE_METHOD_MATCH = YES;
				"CODE_SIGN_IDENTITY[sdk=iphoneos*]" = "iPhone Developer";
				COPY_PHASE_STRIP = NO;
				ENABLE_NS_ASSERTIONS = NO;
				ENABLE_STRICT_OBJC_MSGSEND = YES;
				GCC_C_LANGUAGE_STANDARD = gnu99;
				GCC_WARN_64_TO_32_BIT_CONVERSION = YES;
				GCC_WARN_ABOUT_RETURN_TYPE = YES_ERROR;
				GCC_WARN_UNDECLARED_SELECTOR = YES;
				GCC_WARN_UNINITIALIZED_AUTOS = YES_AGGRESSIVE;
				GCC_WARN_UNUSED_FUNCTION = YES;
				GCC_WARN_UNUSED_VARIABLE = YES;
				IPHONEOS_DEPLOYMENT_TARGET = 8.2;
				MTL_ENABLE_DEBUG_INFO = NO;
				SDKROOT = iphoneos;
				VALIDATE_PRODUCT = YES;
			};
			name = Release;
		};
		163A08491AFB80F900482B7B /* Debug */ = {
			isa = XCBuildConfiguration;
			buildSettings = {
				ASSETCATALOG_COMPILER_APPICON_NAME = AppIcon;
				INFOPLIST_FILE = Suggests/Info.plist;
				LD_RUNPATH_SEARCH_PATHS = "$(inherited) @executable_path/Frameworks";
				PRODUCT_NAME = "$(TARGET_NAME)";
			};
			name = Debug;
		};
		163A084A1AFB80F900482B7B /* Release */ = {
			isa = XCBuildConfiguration;
			buildSettings = {
				ASSETCATALOG_COMPILER_APPICON_NAME = AppIcon;
				INFOPLIST_FILE = Suggests/Info.plist;
				LD_RUNPATH_SEARCH_PATHS = "$(inherited) @executable_path/Frameworks";
				PRODUCT_NAME = "$(TARGET_NAME)";
			};
			name = Release;
		};
		163A084C1AFB80F900482B7B /* Debug */ = {
			isa = XCBuildConfiguration;
			buildSettings = {
				BUNDLE_LOADER = "$(TEST_HOST)";
				FRAMEWORK_SEARCH_PATHS = (
					"$(SDKROOT)/Developer/Library/Frameworks",
					"$(inherited)",
				);
				GCC_PREPROCESSOR_DEFINITIONS = (
					"DEBUG=1",
					"$(inherited)",
				);
				INFOPLIST_FILE = SuggestsTests/Info.plist;
				LD_RUNPATH_SEARCH_PATHS = "$(inherited) @executable_path/Frameworks @loader_path/Frameworks";
				PRODUCT_NAME = "$(TARGET_NAME)";
				TEST_HOST = "$(BUILT_PRODUCTS_DIR)/Suggests.app/Suggests";
			};
			name = Debug;
		};
		163A084D1AFB80F900482B7B /* Release */ = {
			isa = XCBuildConfiguration;
			buildSettings = {
				BUNDLE_LOADER = "$(TEST_HOST)";
				FRAMEWORK_SEARCH_PATHS = (
					"$(SDKROOT)/Developer/Library/Frameworks",
					"$(inherited)",
				);
				INFOPLIST_FILE = SuggestsTests/Info.plist;
				LD_RUNPATH_SEARCH_PATHS = "$(inherited) @executable_path/Frameworks @loader_path/Frameworks";
				PRODUCT_NAME = "$(TARGET_NAME)";
				TEST_HOST = "$(BUILT_PRODUCTS_DIR)/Suggests.app/Suggests";
			};
			name = Release;
		};
/* End XCBuildConfiguration section */

/* Begin XCConfigurationList section */
		163A08201AFB80F900482B7B /* Build configuration list for PBXProject "Suggests" */ = {
			isa = XCConfigurationList;
			buildConfigurations = (
				163A08461AFB80F900482B7B /* Debug */,
				163A08471AFB80F900482B7B /* Release */,
			);
			defaultConfigurationIsVisible = 0;
			defaultConfigurationName = Release;
		};
		163A08481AFB80F900482B7B /* Build configuration list for PBXNativeTarget "Suggests" */ = {
			isa = XCConfigurationList;
			buildConfigurations = (
				163A08491AFB80F900482B7B /* Debug */,
				163A084A1AFB80F900482B7B /* Release */,
			);
			defaultConfigurationIsVisible = 0;
			defaultConfigurationName = Release;
		};
		163A084B1AFB80F900482B7B /* Build configuration list for PBXNativeTarget "SuggestsTests" */ = {
			isa = XCConfigurationList;
			buildConfigurations = (
				163A084C1AFB80F900482B7B /* Debug */,
				163A084D1AFB80F900482B7B /* Release */,
			);
			defaultConfigurationIsVisible = 0;
			defaultConfigurationName = Release;
		};
/* End XCConfigurationList section */
	};
	rootObject = 163A081D1AFB80F900482B7B /* Project object */;
}
